// !$*UTF8*$!
{
	archiveVersion = 1;
	classes = {
	};
	objectVersion = 46;
	objects = {

/* Begin PBXBuildFile section */
		18284AB01A16D4D100F34B4F /* MockOperations.swift in Sources */ = {isa = PBXBuildFile; fileRef = 18284AAF1A16D4D100F34B4F /* MockOperations.swift */; };
		18284AC11A16D8F900F34B4F /* Channel.swift in Sources */ = {isa = PBXBuildFile; fileRef = 18284AC01A16D8F900F34B4F /* Channel.swift */; };
		18284AC31A16D8FA00F34B4F /* Device.swift in Sources */ = {isa = PBXBuildFile; fileRef = 18284AC21A16D8FA00F34B4F /* Device.swift */; };
		18284AC51A16DA6C00F34B4F /* DataManager.swift in Sources */ = {isa = PBXBuildFile; fileRef = 18284AC41A16DA6C00F34B4F /* DataManager.swift */; };
		18284AC71A16DE8E00F34B4F /* CoreData.framework in Frameworks */ = {isa = PBXBuildFile; fileRef = 18284AC61A16DE8E00F34B4F /* CoreData.framework */; };
		186ACC951A0C491800512F12 /* AppDelegate.swift in Sources */ = {isa = PBXBuildFile; fileRef = 186ACC941A0C491800512F12 /* AppDelegate.swift */; };
		186ACC971A0C491800512F12 /* ViewController.swift in Sources */ = {isa = PBXBuildFile; fileRef = 186ACC961A0C491800512F12 /* ViewController.swift */; };
		186ACC9A1A0C491800512F12 /* Main.storyboard in Resources */ = {isa = PBXBuildFile; fileRef = 186ACC981A0C491800512F12 /* Main.storyboard */; };
		186ACC9C1A0C491800512F12 /* Images.xcassets in Resources */ = {isa = PBXBuildFile; fileRef = 186ACC9B1A0C491800512F12 /* Images.xcassets */; };
		186ACC9F1A0C491800512F12 /* LaunchScreen.xib in Resources */ = {isa = PBXBuildFile; fileRef = 186ACC9D1A0C491800512F12 /* LaunchScreen.xib */; };
		186ACCAB1A0C491800512F12 /* DionysusTests.swift in Sources */ = {isa = PBXBuildFile; fileRef = 186ACCAA1A0C491800512F12 /* DionysusTests.swift */; };
		186ACCB71A0D62D300512F12 /* WebOperationTests.swift in Sources */ = {isa = PBXBuildFile; fileRef = 186ACCB61A0D62D300512F12 /* WebOperationTests.swift */; };
		186ACCBA1A0D631400512F12 /* WebOperation.swift in Sources */ = {isa = PBXBuildFile; fileRef = 186ACCB81A0D62FB00512F12 /* WebOperation.swift */; };
		18840ABA1A16C4F30066119C /* NotificationCenter.framework in Frameworks */ = {isa = PBXBuildFile; fileRef = 18840AB91A16C4F30066119C /* NotificationCenter.framework */; };
		18840ABF1A16C4F40066119C /* DionysusXViewController.swift in Sources */ = {isa = PBXBuildFile; fileRef = 18840ABE1A16C4F40066119C /* DionysusXViewController.swift */; };
		18840AC11A16C4F40066119C /* MainInterface.storyboard in Resources */ = {isa = PBXBuildFile; fileRef = 18840AC01A16C4F40066119C /* MainInterface.storyboard */; };
		18840AC41A16C4F40066119C /* DionysusX.appex in Embed App Extensions */ = {isa = PBXBuildFile; fileRef = 18840AB71A16C4F30066119C /* DionysusX.appex */; settings = {ATTRIBUTES = (RemoveHeadersOnCopy, ); }; };
		18840AC91A16C6C90066119C /* WebOperations.swift in Sources */ = {isa = PBXBuildFile; fileRef = 18D4E1B91A13D43200A283E2 /* WebOperations.swift */; };
		18840ACA1A16C72B0066119C /* WebOperation.swift in Sources */ = {isa = PBXBuildFile; fileRef = 186ACCB81A0D62FB00512F12 /* WebOperation.swift */; };
		18840ACC1A16C8160066119C /* original.jpg in Resources */ = {isa = PBXBuildFile; fileRef = 18840ACB1A16C8160066119C /* original.jpg */; };
		18840ACD1A16D0E50066119C /* WebOperations.swift in Sources */ = {isa = PBXBuildFile; fileRef = 18D4E1B91A13D43200A283E2 /* WebOperations.swift */; };
		18840ACE1A16D0E80066119C /* WebOperation.swift in Sources */ = {isa = PBXBuildFile; fileRef = 186ACCB81A0D62FB00512F12 /* WebOperation.swift */; };
		18840AD61A16D1BB0066119C /* Channels.plist in Resources */ = {isa = PBXBuildFile; fileRef = 18840AD01A16D1BB0066119C /* Channels.plist */; };
		18840AD71A16D1BB0066119C /* DeviceList.plist in Resources */ = {isa = PBXBuildFile; fileRef = 18840AD11A16D1BB0066119C /* DeviceList.plist */; };
		18840AD81A16D1BB0066119C /* Favorites.plist in Resources */ = {isa = PBXBuildFile; fileRef = 18840AD21A16D1BB0066119C /* Favorites.plist */; };
		18840AD91A16D1BB0066119C /* Login.plist in Resources */ = {isa = PBXBuildFile; fileRef = 18840AD31A16D1BB0066119C /* Login.plist */; };
		18840ADA1A16D1BB0066119C /* SetDefault.plist in Resources */ = {isa = PBXBuildFile; fileRef = 18840AD41A16D1BB0066119C /* SetDefault.plist */; };
		18840ADB1A16D1BB0066119C /* TuneToChannel.plist in Resources */ = {isa = PBXBuildFile; fileRef = 18840AD51A16D1BB0066119C /* TuneToChannel.plist */; };
		18840ADE1A16D2290066119C /* DionysusXModel.xcdatamodeld in Sources */ = {isa = PBXBuildFile; fileRef = 18840ADC1A16D2290066119C /* DionysusXModel.xcdatamodeld */; };
		18D4E1B71A13CD0100A283E2 /* ViewController.swift in Sources */ = {isa = PBXBuildFile; fileRef = 186ACC961A0C491800512F12 /* ViewController.swift */; };
		18D4E1B81A13CD0300A283E2 /* AppDelegate.swift in Sources */ = {isa = PBXBuildFile; fileRef = 186ACC941A0C491800512F12 /* AppDelegate.swift */; };
		18D4E1BB1A13D47B00A283E2 /* WebOperations.swift in Sources */ = {isa = PBXBuildFile; fileRef = 18D4E1B91A13D43200A283E2 /* WebOperations.swift */; };
		18D4E1BD1A13D48C00A283E2 /* WebOperationsTests.swift in Sources */ = {isa = PBXBuildFile; fileRef = 18D4E1BC1A13D48C00A283E2 /* WebOperationsTests.swift */; };
/* End PBXBuildFile section */

/* Begin PBXContainerItemProxy section */
		186ACCA51A0C491800512F12 /* PBXContainerItemProxy */ = {
			isa = PBXContainerItemProxy;
			containerPortal = 186ACC871A0C491800512F12 /* Project object */;
			proxyType = 1;
			remoteGlobalIDString = 186ACC8E1A0C491800512F12;
			remoteInfo = Dionysus;
		};
		18840AC21A16C4F40066119C /* PBXContainerItemProxy */ = {
			isa = PBXContainerItemProxy;
			containerPortal = 186ACC871A0C491800512F12 /* Project object */;
			proxyType = 1;
			remoteGlobalIDString = 18840AB61A16C4F30066119C;
			remoteInfo = DionysusX;
		};
/* End PBXContainerItemProxy section */

/* Begin PBXCopyFilesBuildPhase section */
		18840AC81A16C4F40066119C /* Embed App Extensions */ = {
			isa = PBXCopyFilesBuildPhase;
			buildActionMask = 2147483647;
			dstPath = "";
			dstSubfolderSpec = 13;
			files = (
				18840AC41A16C4F40066119C /* DionysusX.appex in Embed App Extensions */,
			);
			name = "Embed App Extensions";
			runOnlyForDeploymentPostprocessing = 0;
		};
/* End PBXCopyFilesBuildPhase section */

/* Begin PBXFileReference section */
		18284AAF1A16D4D100F34B4F /* MockOperations.swift */ = {isa = PBXFileReference; fileEncoding = 4; lastKnownFileType = sourcecode.swift; path = MockOperations.swift; sourceTree = "<group>"; };
		18284AC01A16D8F900F34B4F /* Channel.swift */ = {isa = PBXFileReference; fileEncoding = 4; lastKnownFileType = sourcecode.swift; path = Channel.swift; sourceTree = "<group>"; };
		18284AC21A16D8FA00F34B4F /* Device.swift */ = {isa = PBXFileReference; fileEncoding = 4; lastKnownFileType = sourcecode.swift; path = Device.swift; sourceTree = "<group>"; };
		18284AC41A16DA6C00F34B4F /* DataManager.swift */ = {isa = PBXFileReference; fileEncoding = 4; lastKnownFileType = sourcecode.swift; path = DataManager.swift; sourceTree = "<group>"; };
		18284AC61A16DE8E00F34B4F /* CoreData.framework */ = {isa = PBXFileReference; lastKnownFileType = wrapper.framework; name = CoreData.framework; path = System/Library/Frameworks/CoreData.framework; sourceTree = SDKROOT; };
		186ACC8F1A0C491800512F12 /* Dionysus.app */ = {isa = PBXFileReference; explicitFileType = wrapper.application; includeInIndex = 0; path = Dionysus.app; sourceTree = BUILT_PRODUCTS_DIR; };
		186ACC931A0C491800512F12 /* Info.plist */ = {isa = PBXFileReference; lastKnownFileType = text.plist.xml; path = Info.plist; sourceTree = "<group>"; };
		186ACC941A0C491800512F12 /* AppDelegate.swift */ = {isa = PBXFileReference; lastKnownFileType = sourcecode.swift; path = AppDelegate.swift; sourceTree = "<group>"; };
		186ACC961A0C491800512F12 /* ViewController.swift */ = {isa = PBXFileReference; lastKnownFileType = sourcecode.swift; path = ViewController.swift; sourceTree = "<group>"; };
		186ACC991A0C491800512F12 /* Base */ = {isa = PBXFileReference; lastKnownFileType = file.storyboard; name = Base; path = Base.lproj/Main.storyboard; sourceTree = "<group>"; };
		186ACC9B1A0C491800512F12 /* Images.xcassets */ = {isa = PBXFileReference; lastKnownFileType = folder.assetcatalog; path = Images.xcassets; sourceTree = "<group>"; };
		186ACC9E1A0C491800512F12 /* Base */ = {isa = PBXFileReference; lastKnownFileType = file.xib; name = Base; path = Base.lproj/LaunchScreen.xib; sourceTree = "<group>"; };
		186ACCA41A0C491800512F12 /* DionysusTests.xctest */ = {isa = PBXFileReference; explicitFileType = wrapper.cfbundle; includeInIndex = 0; path = DionysusTests.xctest; sourceTree = BUILT_PRODUCTS_DIR; };
		186ACCA91A0C491800512F12 /* Info.plist */ = {isa = PBXFileReference; lastKnownFileType = text.plist.xml; path = Info.plist; sourceTree = "<group>"; };
		186ACCAA1A0C491800512F12 /* DionysusTests.swift */ = {isa = PBXFileReference; lastKnownFileType = sourcecode.swift; path = DionysusTests.swift; sourceTree = "<group>"; };
		186ACCB61A0D62D300512F12 /* WebOperationTests.swift */ = {isa = PBXFileReference; fileEncoding = 4; lastKnownFileType = sourcecode.swift; path = WebOperationTests.swift; sourceTree = "<group>"; };
		186ACCB81A0D62FB00512F12 /* WebOperation.swift */ = {isa = PBXFileReference; fileEncoding = 4; lastKnownFileType = sourcecode.swift; name = WebOperation.swift; path = ../Dionysus/WebOperation.swift; sourceTree = "<group>"; };
		18840AB71A16C4F30066119C /* DionysusX.appex */ = {isa = PBXFileReference; explicitFileType = "wrapper.app-extension"; includeInIndex = 0; path = DionysusX.appex; sourceTree = BUILT_PRODUCTS_DIR; };
		18840AB91A16C4F30066119C /* NotificationCenter.framework */ = {isa = PBXFileReference; lastKnownFileType = wrapper.framework; name = NotificationCenter.framework; path = System/Library/Frameworks/NotificationCenter.framework; sourceTree = SDKROOT; };
		18840ABD1A16C4F40066119C /* Info.plist */ = {isa = PBXFileReference; lastKnownFileType = text.plist.xml; path = Info.plist; sourceTree = "<group>"; };
		18840ABE1A16C4F40066119C /* DionysusXViewController.swift */ = {isa = PBXFileReference; lastKnownFileType = sourcecode.swift; path = DionysusXViewController.swift; sourceTree = "<group>"; };
		18840AC01A16C4F40066119C /* MainInterface.storyboard */ = {isa = PBXFileReference; lastKnownFileType = file.storyboard; path = MainInterface.storyboard; sourceTree = "<group>"; };
		18840ACB1A16C8160066119C /* original.jpg */ = {isa = PBXFileReference; lastKnownFileType = image.jpeg; name = original.jpg; path = ../original.jpg; sourceTree = "<group>"; };
		18840AD01A16D1BB0066119C /* Channels.plist */ = {isa = PBXFileReference; fileEncoding = 4; lastKnownFileType = text.plist.xml; path = Channels.plist; sourceTree = "<group>"; };
		18840AD11A16D1BB0066119C /* DeviceList.plist */ = {isa = PBXFileReference; fileEncoding = 4; lastKnownFileType = text.plist.xml; path = DeviceList.plist; sourceTree = "<group>"; };
		18840AD21A16D1BB0066119C /* Favorites.plist */ = {isa = PBXFileReference; fileEncoding = 4; lastKnownFileType = text.plist.xml; path = Favorites.plist; sourceTree = "<group>"; };
		18840AD31A16D1BB0066119C /* Login.plist */ = {isa = PBXFileReference; fileEncoding = 4; lastKnownFileType = text.plist.xml; path = Login.plist; sourceTree = "<group>"; };
		18840AD41A16D1BB0066119C /* SetDefault.plist */ = {isa = PBXFileReference; fileEncoding = 4; lastKnownFileType = text.plist.xml; path = SetDefault.plist; sourceTree = "<group>"; };
		18840AD51A16D1BB0066119C /* TuneToChannel.plist */ = {isa = PBXFileReference; fileEncoding = 4; lastKnownFileType = text.plist.xml; path = TuneToChannel.plist; sourceTree = "<group>"; };
		18840ADD1A16D2290066119C /* DionysusXModel.xcdatamodel */ = {isa = PBXFileReference; lastKnownFileType = wrapper.xcdatamodel; path = DionysusXModel.xcdatamodel; sourceTree = "<group>"; };
		18D4E1B91A13D43200A283E2 /* WebOperations.swift */ = {isa = PBXFileReference; fileEncoding = 4; lastKnownFileType = sourcecode.swift; name = WebOperations.swift; path = ../Dionysus/WebOperations.swift; sourceTree = "<group>"; };
		18D4E1BC1A13D48C00A283E2 /* WebOperationsTests.swift */ = {isa = PBXFileReference; fileEncoding = 4; lastKnownFileType = sourcecode.swift; path = WebOperationsTests.swift; sourceTree = "<group>"; };
/* End PBXFileReference section */

/* Begin PBXFrameworksBuildPhase section */
		186ACC8C1A0C491800512F12 /* Frameworks */ = {
			isa = PBXFrameworksBuildPhase;
			buildActionMask = 2147483647;
			files = (
			);
			runOnlyForDeploymentPostprocessing = 0;
		};
		186ACCA11A0C491800512F12 /* Frameworks */ = {
			isa = PBXFrameworksBuildPhase;
			buildActionMask = 2147483647;
			files = (
			);
			runOnlyForDeploymentPostprocessing = 0;
		};
		18840AB41A16C4F30066119C /* Frameworks */ = {
			isa = PBXFrameworksBuildPhase;
			buildActionMask = 2147483647;
			files = (
				18284AC71A16DE8E00F34B4F /* CoreData.framework in Frameworks */,
				18840ABA1A16C4F30066119C /* NotificationCenter.framework in Frameworks */,
			);
			runOnlyForDeploymentPostprocessing = 0;
		};
/* End PBXFrameworksBuildPhase section */

/* Begin PBXGroup section */
		186ACC861A0C491800512F12 = {
			isa = PBXGroup;
			children = (
				186ACC911A0C491800512F12 /* Dionysus */,
				186ACCA71A0C491800512F12 /* DionysusTests */,
				18840ABB1A16C4F30066119C /* DionysusX */,
				18840AB81A16C4F30066119C /* Frameworks */,
				186ACC901A0C491800512F12 /* Products */,
			);
			sourceTree = "<group>";
		};
		186ACC901A0C491800512F12 /* Products */ = {
			isa = PBXGroup;
			children = (
				186ACC8F1A0C491800512F12 /* Dionysus.app */,
				186ACCA41A0C491800512F12 /* DionysusTests.xctest */,
				18840AB71A16C4F30066119C /* DionysusX.appex */,
			);
			name = Products;
			sourceTree = "<group>";
		};
		186ACC911A0C491800512F12 /* Dionysus */ = {
			isa = PBXGroup;
			children = (
				186ACC941A0C491800512F12 /* AppDelegate.swift */,
				186ACC961A0C491800512F12 /* ViewController.swift */,
				186ACC9B1A0C491800512F12 /* Images.xcassets */,
				186ACC9D1A0C491800512F12 /* LaunchScreen.xib */,
				186ACC981A0C491800512F12 /* Main.storyboard */,
				186ACC921A0C491800512F12 /* Supporting Files */,
			);
			path = Dionysus;
			sourceTree = "<group>";
		};
		186ACC921A0C491800512F12 /* Supporting Files */ = {
			isa = PBXGroup;
			children = (
				186ACC931A0C491800512F12 /* Info.plist */,
			);
			name = "Supporting Files";
			sourceTree = "<group>";
		};
		186ACCA71A0C491800512F12 /* DionysusTests */ = {
			isa = PBXGroup;
			children = (
				186ACCAA1A0C491800512F12 /* DionysusTests.swift */,
				18D4E1BC1A13D48C00A283E2 /* WebOperationsTests.swift */,
				186ACCB61A0D62D300512F12 /* WebOperationTests.swift */,
				186ACCA81A0C491800512F12 /* Supporting Files */,
			);
			path = DionysusTests;
			sourceTree = "<group>";
		};
		186ACCA81A0C491800512F12 /* Supporting Files */ = {
			isa = PBXGroup;
			children = (
				186ACCA91A0C491800512F12 /* Info.plist */,
			);
			name = "Supporting Files";
			sourceTree = "<group>";
		};
		18840AB81A16C4F30066119C /* Frameworks */ = {
			isa = PBXGroup;
			children = (
				18284AC61A16DE8E00F34B4F /* CoreData.framework */,
				18840AB91A16C4F30066119C /* NotificationCenter.framework */,
			);
			name = Frameworks;
			sourceTree = "<group>";
		};
		18840ABB1A16C4F30066119C /* DionysusX */ = {
			isa = PBXGroup;
			children = (
				18840AC01A16C4F40066119C /* MainInterface.storyboard */,
				18284AC01A16D8F900F34B4F /* Channel.swift */,
				18284AC41A16DA6C00F34B4F /* DataManager.swift */,
				18284AC21A16D8FA00F34B4F /* Device.swift */,
				18840ABE1A16C4F40066119C /* DionysusXViewController.swift */,
				18284AAF1A16D4D100F34B4F /* MockOperations.swift */,
				186ACCB81A0D62FB00512F12 /* WebOperation.swift */,
				18D4E1B91A13D43200A283E2 /* WebOperations.swift */,
				18840ADC1A16D2290066119C /* DionysusXModel.xcdatamodeld */,
				18840ABC1A16C4F40066119C /* Supporting Files */,
			);
			path = DionysusX;
			sourceTree = "<group>";
		};
		18840ABC1A16C4F40066119C /* Supporting Files */ = {
			isa = PBXGroup;
			children = (
				18840ACB1A16C8160066119C /* original.jpg */,
				18840ACF1A16D1BB0066119C /* ExamplePlists */,
				18840ABD1A16C4F40066119C /* Info.plist */,
			);
			name = "Supporting Files";
			sourceTree = "<group>";
		};
		18840ACF1A16D1BB0066119C /* ExamplePlists */ = {
			isa = PBXGroup;
			children = (
				18840AD01A16D1BB0066119C /* Channels.plist */,
				18840AD11A16D1BB0066119C /* DeviceList.plist */,
				18840AD21A16D1BB0066119C /* Favorites.plist */,
				18840AD31A16D1BB0066119C /* Login.plist */,
				18840AD41A16D1BB0066119C /* SetDefault.plist */,
				18840AD51A16D1BB0066119C /* TuneToChannel.plist */,
			);
			path = ExamplePlists;
			sourceTree = "<group>";
		};
/* End PBXGroup section */

/* Begin PBXNativeTarget section */
		186ACC8E1A0C491800512F12 /* Dionysus */ = {
			isa = PBXNativeTarget;
			buildConfigurationList = 186ACCAE1A0C491800512F12 /* Build configuration list for PBXNativeTarget "Dionysus" */;
			buildPhases = (
				186ACC8B1A0C491800512F12 /* Sources */,
				186ACC8C1A0C491800512F12 /* Frameworks */,
				186ACC8D1A0C491800512F12 /* Resources */,
				18840AC81A16C4F40066119C /* Embed App Extensions */,
			);
			buildRules = (
			);
			dependencies = (
				18840AC31A16C4F40066119C /* PBXTargetDependency */,
			);
			name = Dionysus;
			productName = Dionysus;
			productReference = 186ACC8F1A0C491800512F12 /* Dionysus.app */;
			productType = "com.apple.product-type.application";
		};
		186ACCA31A0C491800512F12 /* DionysusTests */ = {
			isa = PBXNativeTarget;
			buildConfigurationList = 186ACCB11A0C491800512F12 /* Build configuration list for PBXNativeTarget "DionysusTests" */;
			buildPhases = (
				186ACCA01A0C491800512F12 /* Sources */,
				186ACCA11A0C491800512F12 /* Frameworks */,
				186ACCA21A0C491800512F12 /* Resources */,
			);
			buildRules = (
			);
			dependencies = (
				186ACCA61A0C491800512F12 /* PBXTargetDependency */,
			);
			name = DionysusTests;
			productName = DionysusTests;
			productReference = 186ACCA41A0C491800512F12 /* DionysusTests.xctest */;
			productType = "com.apple.product-type.bundle.unit-test";
		};
		18840AB61A16C4F30066119C /* DionysusX */ = {
			isa = PBXNativeTarget;
			buildConfigurationList = 18840AC71A16C4F40066119C /* Build configuration list for PBXNativeTarget "DionysusX" */;
			buildPhases = (
				18840AB31A16C4F30066119C /* Sources */,
				18840AB41A16C4F30066119C /* Frameworks */,
				18840AB51A16C4F30066119C /* Resources */,
			);
			buildRules = (
			);
			dependencies = (
			);
			name = DionysusX;
			productName = DionysusX;
			productReference = 18840AB71A16C4F30066119C /* DionysusX.appex */;
			productType = "com.apple.product-type.app-extension";
		};
/* End PBXNativeTarget section */

/* Begin PBXProject section */
		186ACC871A0C491800512F12 /* Project object */ = {
			isa = PBXProject;
			attributes = {
				LastUpgradeCheck = 0610;
				ORGANIZATIONNAME = Charter;
				TargetAttributes = {
					186ACC8E1A0C491800512F12 = {
						CreatedOnToolsVersion = 6.1;
					};
					186ACCA31A0C491800512F12 = {
						CreatedOnToolsVersion = 6.1;
						TestTargetID = 186ACC8E1A0C491800512F12;
					};
					18840AB61A16C4F30066119C = {
						CreatedOnToolsVersion = 6.1;
					};
				};
			};
			buildConfigurationList = 186ACC8A1A0C491800512F12 /* Build configuration list for PBXProject "Dionysus" */;
			compatibilityVersion = "Xcode 3.2";
			developmentRegion = English;
			hasScannedForEncodings = 0;
			knownRegions = (
				en,
				Base,
			);
			mainGroup = 186ACC861A0C491800512F12;
			productRefGroup = 186ACC901A0C491800512F12 /* Products */;
			projectDirPath = "";
			projectRoot = "";
			targets = (
				186ACC8E1A0C491800512F12 /* Dionysus */,
				186ACCA31A0C491800512F12 /* DionysusTests */,
				18840AB61A16C4F30066119C /* DionysusX */,
			);
		};
/* End PBXProject section */

/* Begin PBXResourcesBuildPhase section */
		186ACC8D1A0C491800512F12 /* Resources */ = {
			isa = PBXResourcesBuildPhase;
			buildActionMask = 2147483647;
			files = (
				186ACC9A1A0C491800512F12 /* Main.storyboard in Resources */,
				186ACC9F1A0C491800512F12 /* LaunchScreen.xib in Resources */,
				186ACC9C1A0C491800512F12 /* Images.xcassets in Resources */,
			);
			runOnlyForDeploymentPostprocessing = 0;
		};
		186ACCA21A0C491800512F12 /* Resources */ = {
			isa = PBXResourcesBuildPhase;
			buildActionMask = 2147483647;
			files = (
			);
			runOnlyForDeploymentPostprocessing = 0;
		};
		18840AB51A16C4F30066119C /* Resources */ = {
			isa = PBXResourcesBuildPhase;
			buildActionMask = 2147483647;
			files = (
				18840AD91A16D1BB0066119C /* Login.plist in Resources */,
				18840ACC1A16C8160066119C /* original.jpg in Resources */,
				18840AC11A16C4F40066119C /* MainInterface.storyboard in Resources */,
				18840AD71A16D1BB0066119C /* DeviceList.plist in Resources */,
				18840AD81A16D1BB0066119C /* Favorites.plist in Resources */,
				18840ADB1A16D1BB0066119C /* TuneToChannel.plist in Resources */,
				18840ADA1A16D1BB0066119C /* SetDefault.plist in Resources */,
				18840AD61A16D1BB0066119C /* Channels.plist in Resources */,
			);
			runOnlyForDeploymentPostprocessing = 0;
		};
/* End PBXResourcesBuildPhase section */

/* Begin PBXSourcesBuildPhase section */
		186ACC8B1A0C491800512F12 /* Sources */ = {
			isa = PBXSourcesBuildPhase;
			buildActionMask = 2147483647;
			files = (
				18840ACE1A16D0E80066119C /* WebOperation.swift in Sources */,
				186ACC971A0C491800512F12 /* ViewController.swift in Sources */,
				18840ACD1A16D0E50066119C /* WebOperations.swift in Sources */,
				186ACC951A0C491800512F12 /* AppDelegate.swift in Sources */,
			);
			runOnlyForDeploymentPostprocessing = 0;
		};
		186ACCA01A0C491800512F12 /* Sources */ = {
			isa = PBXSourcesBuildPhase;
			buildActionMask = 2147483647;
			files = (
				186ACCB71A0D62D300512F12 /* WebOperationTests.swift in Sources */,
				186ACCAB1A0C491800512F12 /* DionysusTests.swift in Sources */,
				18D4E1B71A13CD0100A283E2 /* ViewController.swift in Sources */,
				18D4E1B81A13CD0300A283E2 /* AppDelegate.swift in Sources */,
				18D4E1BD1A13D48C00A283E2 /* WebOperationsTests.swift in Sources */,
				18D4E1BB1A13D47B00A283E2 /* WebOperations.swift in Sources */,
				186ACCBA1A0D631400512F12 /* WebOperation.swift in Sources */,
			);
			runOnlyForDeploymentPostprocessing = 0;
		};
		18840AB31A16C4F30066119C /* Sources */ = {
			isa = PBXSourcesBuildPhase;
			buildActionMask = 2147483647;
			files = (
				18840AC91A16C6C90066119C /* WebOperations.swift in Sources */,
				18284AC11A16D8F900F34B4F /* Channel.swift in Sources */,
				18840ABF1A16C4F40066119C /* DionysusXViewController.swift in Sources */,
				18284AB01A16D4D100F34B4F /* MockOperations.swift in Sources */,
				18840ACA1A16C72B0066119C /* WebOperation.swift in Sources */,
				18284AC51A16DA6C00F34B4F /* DataManager.swift in Sources */,
				18284AC31A16D8FA00F34B4F /* Device.swift in Sources */,
				18840ADE1A16D2290066119C /* DionysusXModel.xcdatamodeld in Sources */,
			);
			runOnlyForDeploymentPostprocessing = 0;
		};
/* End PBXSourcesBuildPhase section */

/* Begin PBXTargetDependency section */
		186ACCA61A0C491800512F12 /* PBXTargetDependency */ = {
			isa = PBXTargetDependency;
			target = 186ACC8E1A0C491800512F12 /* Dionysus */;
			targetProxy = 186ACCA51A0C491800512F12 /* PBXContainerItemProxy */;
		};
		18840AC31A16C4F40066119C /* PBXTargetDependency */ = {
			isa = PBXTargetDependency;
			target = 18840AB61A16C4F30066119C /* DionysusX */;
			targetProxy = 18840AC21A16C4F40066119C /* PBXContainerItemProxy */;
		};
/* End PBXTargetDependency section */

/* Begin PBXVariantGroup section */
		186ACC981A0C491800512F12 /* Main.storyboard */ = {
			isa = PBXVariantGroup;
			children = (
				186ACC991A0C491800512F12 /* Base */,
			);
			name = Main.storyboard;
			sourceTree = "<group>";
		};
		186ACC9D1A0C491800512F12 /* LaunchScreen.xib */ = {
			isa = PBXVariantGroup;
			children = (
				186ACC9E1A0C491800512F12 /* Base */,
			);
			name = LaunchScreen.xib;
			sourceTree = "<group>";
		};
/* End PBXVariantGroup section */

/* Begin XCBuildConfiguration section */
		186ACCAC1A0C491800512F12 /* Debug */ = {
			isa = XCBuildConfiguration;
			buildSettings = {
				ALWAYS_SEARCH_USER_PATHS = NO;
				CLANG_CXX_LANGUAGE_STANDARD = "gnu++0x";
				CLANG_CXX_LIBRARY = "libc++";
				CLANG_ENABLE_MODULES = YES;
				CLANG_ENABLE_OBJC_ARC = YES;
				CLANG_WARN_BOOL_CONVERSION = YES;
				CLANG_WARN_CONSTANT_CONVERSION = YES;
				CLANG_WARN_DIRECT_OBJC_ISA_USAGE = YES_ERROR;
				CLANG_WARN_EMPTY_BODY = YES;
				CLANG_WARN_ENUM_CONVERSION = YES;
				CLANG_WARN_INT_CONVERSION = YES;
				CLANG_WARN_OBJC_ROOT_CLASS = YES_ERROR;
				CLANG_WARN_UNREACHABLE_CODE = YES;
				CLANG_WARN__DUPLICATE_METHOD_MATCH = YES;
				"CODE_SIGN_IDENTITY[sdk=iphoneos*]" = "iPhone Developer";
				COPY_PHASE_STRIP = NO;
				ENABLE_STRICT_OBJC_MSGSEND = YES;
				GCC_C_LANGUAGE_STANDARD = gnu99;
				GCC_DYNAMIC_NO_PIC = NO;
				GCC_OPTIMIZATION_LEVEL = 0;
				GCC_PREPROCESSOR_DEFINITIONS = (
					"DEBUG=1",
					"$(inherited)",
				);
				GCC_SYMBOLS_PRIVATE_EXTERN = NO;
				GCC_WARN_64_TO_32_BIT_CONVERSION = YES;
				GCC_WARN_ABOUT_RETURN_TYPE = YES_ERROR;
				GCC_WARN_UNDECLARED_SELECTOR = YES;
				GCC_WARN_UNINITIALIZED_AUTOS = YES_AGGRESSIVE;
				GCC_WARN_UNUSED_FUNCTION = YES;
				GCC_WARN_UNUSED_VARIABLE = YES;
				IPHONEOS_DEPLOYMENT_TARGET = 8.1;
				MTL_ENABLE_DEBUG_INFO = YES;
				ONLY_ACTIVE_ARCH = YES;
				SDKROOT = iphoneos;
				SWIFT_OPTIMIZATION_LEVEL = "-Onone";
				TARGETED_DEVICE_FAMILY = "1,2";
			};
			name = Debug;
		};
		186ACCAD1A0C491800512F12 /* Release */ = {
			isa = XCBuildConfiguration;
			buildSettings = {
				ALWAYS_SEARCH_USER_PATHS = NO;
				CLANG_CXX_LANGUAGE_STANDARD = "gnu++0x";
				CLANG_CXX_LIBRARY = "libc++";
				CLANG_ENABLE_MODULES = YES;
				CLANG_ENABLE_OBJC_ARC = YES;
				CLANG_WARN_BOOL_CONVERSION = YES;
				CLANG_WARN_CONSTANT_CONVERSION = YES;
				CLANG_WARN_DIRECT_OBJC_ISA_USAGE = YES_ERROR;
				CLANG_WARN_EMPTY_BODY = YES;
				CLANG_WARN_ENUM_CONVERSION = YES;
				CLANG_WARN_INT_CONVERSION = YES;
				CLANG_WARN_OBJC_ROOT_CLASS = YES_ERROR;
				CLANG_WARN_UNREACHABLE_CODE = YES;
				CLANG_WARN__DUPLICATE_METHOD_MATCH = YES;
				"CODE_SIGN_IDENTITY[sdk=iphoneos*]" = "iPhone Developer";
				COPY_PHASE_STRIP = YES;
				ENABLE_NS_ASSERTIONS = NO;
				ENABLE_STRICT_OBJC_MSGSEND = YES;
				GCC_C_LANGUAGE_STANDARD = gnu99;
				GCC_WARN_64_TO_32_BIT_CONVERSION = YES;
				GCC_WARN_ABOUT_RETURN_TYPE = YES_ERROR;
				GCC_WARN_UNDECLARED_SELECTOR = YES;
				GCC_WARN_UNINITIALIZED_AUTOS = YES_AGGRESSIVE;
				GCC_WARN_UNUSED_FUNCTION = YES;
				GCC_WARN_UNUSED_VARIABLE = YES;
				IPHONEOS_DEPLOYMENT_TARGET = 8.1;
				MTL_ENABLE_DEBUG_INFO = NO;
				SDKROOT = iphoneos;
				TARGETED_DEVICE_FAMILY = "1,2";
				VALIDATE_PRODUCT = YES;
			};
			name = Release;
		};
		186ACCAF1A0C491800512F12 /* Debug */ = {
			isa = XCBuildConfiguration;
			buildSettings = {
				ASSETCATALOG_COMPILER_APPICON_NAME = AppIcon;
				EMBEDDED_CONTENT_CONTAINS_SWIFT = YES;
				INFOPLIST_FILE = Dionysus/Info.plist;
				LD_RUNPATH_SEARCH_PATHS = "$(inherited) @executable_path/Frameworks";
				PRODUCT_NAME = "$(TARGET_NAME)";
			};
			name = Debug;
		};
		186ACCB01A0C491800512F12 /* Release */ = {
			isa = XCBuildConfiguration;
			buildSettings = {
				ASSETCATALOG_COMPILER_APPICON_NAME = AppIcon;
				EMBEDDED_CONTENT_CONTAINS_SWIFT = YES;
				INFOPLIST_FILE = Dionysus/Info.plist;
				LD_RUNPATH_SEARCH_PATHS = "$(inherited) @executable_path/Frameworks";
				PRODUCT_NAME = "$(TARGET_NAME)";
			};
			name = Release;
		};
		186ACCB21A0C491800512F12 /* Debug */ = {
			isa = XCBuildConfiguration;
			buildSettings = {
				BUNDLE_LOADER = "$(TEST_HOST)";
				FRAMEWORK_SEARCH_PATHS = (
					"$(SDKROOT)/Developer/Library/Frameworks",
					"$(inherited)",
				);
				GCC_PREPROCESSOR_DEFINITIONS = (
					"DEBUG=1",
					"$(inherited)",
				);
				INFOPLIST_FILE = DionysusTests/Info.plist;
				LD_RUNPATH_SEARCH_PATHS = "$(inherited) @executable_path/Frameworks @loader_path/Frameworks";
				PRODUCT_NAME = "$(TARGET_NAME)";
				TEST_HOST = "$(BUILT_PRODUCTS_DIR)/Dionysus.app/Dionysus";
			};
			name = Debug;
		};
		186ACCB31A0C491800512F12 /* Release */ = {
			isa = XCBuildConfiguration;
			buildSettings = {
				BUNDLE_LOADER = "$(TEST_HOST)";
				FRAMEWORK_SEARCH_PATHS = (
					"$(SDKROOT)/Developer/Library/Frameworks",
					"$(inherited)",
				);
				INFOPLIST_FILE = DionysusTests/Info.plist;
				LD_RUNPATH_SEARCH_PATHS = "$(inherited) @executable_path/Frameworks @loader_path/Frameworks";
				PRODUCT_NAME = "$(TARGET_NAME)";
				TEST_HOST = "$(BUILT_PRODUCTS_DIR)/Dionysus.app/Dionysus";
			};
			name = Release;
		};
		18840AC51A16C4F40066119C /* Debug */ = {
			isa = XCBuildConfiguration;
			buildSettings = {
				CLANG_ENABLE_MODULES = YES;
				GCC_PREPROCESSOR_DEFINITIONS = (
					"DEBUG=1",
					"$(inherited)",
				);
				INFOPLIST_FILE = DionysusX/Info.plist;
				LD_RUNPATH_SEARCH_PATHS = "$(inherited) @executable_path/Frameworks @executable_path/../../Frameworks";
				PRODUCT_NAME = "$(TARGET_NAME)";
				SKIP_INSTALL = YES;
				SWIFT_OPTIMIZATION_LEVEL = "-Onone";
			};
			name = Debug;
		};
		18840AC61A16C4F40066119C /* Release */ = {
			isa = XCBuildConfiguration;
			buildSettings = {
				CLANG_ENABLE_MODULES = YES;
				INFOPLIST_FILE = DionysusX/Info.plist;
				LD_RUNPATH_SEARCH_PATHS = "$(inherited) @executable_path/Frameworks @executable_path/../../Frameworks";
				PRODUCT_NAME = "$(TARGET_NAME)";
				SKIP_INSTALL = YES;
			};
			name = Release;
		};
/* End XCBuildConfiguration section */

/* Begin XCConfigurationList section */
		186ACC8A1A0C491800512F12 /* Build configuration list for PBXProject "Dionysus" */ = {
			isa = XCConfigurationList;
			buildConfigurations = (
				186ACCAC1A0C491800512F12 /* Debug */,
				186ACCAD1A0C491800512F12 /* Release */,
			);
			defaultConfigurationIsVisible = 0;
			defaultConfigurationName = Release;
		};
		186ACCAE1A0C491800512F12 /* Build configuration list for PBXNativeTarget "Dionysus" */ = {
			isa = XCConfigurationList;
			buildConfigurations = (
				186ACCAF1A0C491800512F12 /* Debug */,
				186ACCB01A0C491800512F12 /* Release */,
			);
			defaultConfigurationIsVisible = 0;
			defaultConfigurationName = Release;
		};
		186ACCB11A0C491800512F12 /* Build configuration list for PBXNativeTarget "DionysusTests" */ = {
			isa = XCConfigurationList;
			buildConfigurations = (
				186ACCB21A0C491800512F12 /* Debug */,
				186ACCB31A0C491800512F12 /* Release */,
			);
			defaultConfigurationIsVisible = 0;
			defaultConfigurationName = Release;
		};
		18840AC71A16C4F40066119C /* Build configuration list for PBXNativeTarget "DionysusX" */ = {
			isa = XCConfigurationList;
			buildConfigurations = (
				18840AC51A16C4F40066119C /* Debug */,
				18840AC61A16C4F40066119C /* Release */,
			);
			defaultConfigurationIsVisible = 0;
			defaultConfigurationName = Release;
		};
/* End XCConfigurationList section */

/* Begin XCVersionGroup section */
		18840ADC1A16D2290066119C /* DionysusXModel.xcdatamodeld */ = {
			isa = XCVersionGroup;
			children = (
				18840ADD1A16D2290066119C /* DionysusXModel.xcdatamodel */,
			);
			currentVersion = 18840ADD1A16D2290066119C /* DionysusXModel.xcdatamodel */;
			path = DionysusXModel.xcdatamodeld;
			sourceTree = "<group>";
			versionGroupType = wrapper.xcdatamodel;
		};
/* End XCVersionGroup section */
	};
	rootObject = 186ACC871A0C491800512F12 /* Project object */;
}
